
Microsoft Visual Studio Solution File, Format Version 12.00
# Visual Studio Version 17
VisualStudioVersion = 17.0.31912.275
MinimumVisualStudioVersion = 10.0.40219.1
Project("{9A19103F-16F7-4668-BE54-9A1E7A4F7556}") = "EPPlus", "EPPlus\EPPlus.csproj", "{219F673E-6115-4858-9E07-E33D24E795FE}"
EndProject
Project("{2150E333-8FDC-42A3-9474-1A3956D46DE8}") = "Solution Items", "Solution Items", "{2A8E580B-2FA5-4B8A-856C-975B2F980689}"
	ProjectSection(SolutionItems) = preProject
		.editorconfig = .editorconfig
	EndProjectSection
EndProject
Project("{9A19103F-16F7-4668-BE54-9A1E7A4F7556}") = "EPPlus.Interfaces", "EPPlus.Interfaces\EPPlus.Interfaces.csproj", "{F73201C2-B2DE-49F8-BE5B-26F56B5D52B8}"
EndProject
Project("{9A19103F-16F7-4668-BE54-9A1E7A4F7556}") = "EPPlus.System.Drawing", "EPPlus.System.Drawing\EPPlus.System.Drawing.csproj", "{A1AF6174-CC8C-4BFD-B0EC-928C22CC4361}"
EndProject
Global
	GlobalSection(SolutionConfigurationPlatforms) = preSolution
		Debug|x64 = Debug|x64
		Release|x64 = Release|x64
	EndGlobalSection
	GlobalSection(ProjectConfigurationPlatforms) = postSolution
		{219F673E-6115-4858-9E07-E33D24E795FE}.Debug|x64.ActiveCfg = Debug|x64
		{219F673E-6115-4858-9E07-E33D24E795FE}.Debug|x64.Build.0 = Debug|x64
		{219F673E-6115-4858-9E07-E33D24E795FE}.Release|x64.ActiveCfg = Release|x64
		{219F673E-6115-4858-9E07-E33D24E795FE}.Release|x64.Build.0 = Release|x64
		{F73201C2-B2DE-49F8-BE5B-26F56B5D52B8}.Debug|x64.ActiveCfg = Debug|x64
		{F73201C2-B2DE-49F8-BE5B-26F56B5D52B8}.Debug|x64.Build.0 = Debug|x64
		{F73201C2-B2DE-49F8-BE5B-26F56B5D52B8}.Release|x64.ActiveCfg = Release|x64
		{F73201C2-B2DE-49F8-BE5B-26F56B5D52B8}.Release|x64.Build.0 = Release|x64
		{A1AF6174-CC8C-4BFD-B0EC-928C22CC4361}.Debug|x64.ActiveCfg = Debug|x64
		{A1AF6174-CC8C-4BFD-B0EC-928C22CC4361}.Debug|x64.Build.0 = Debug|x64
		{A1AF6174-CC8C-4BFD-B0EC-928C22CC4361}.Release|x64.ActiveCfg = Release|x64
		{A1AF6174-CC8C-4BFD-B0EC-928C22CC4361}.Release|x64.Build.0 = Release|x64
	EndGlobalSection
	GlobalSection(SolutionProperties) = preSolution
		HideSolutionNode = FALSE
	EndGlobalSection
	GlobalSection(ExtensibilityGlobals) = postSolution
		SolutionGuid = {C73D0F5D-0C5D-4F85-8140-3598595AD2E1}
	EndGlobalSection
EndGlobal
